
Microsoft Visual Studio Solution File, Format Version 12.00
# Visual Studio Version 17
VisualStudioVersion = 17.9.34622.214
MinimumVisualStudioVersion = 10.0.40219.1
Project("{FAE04EC0-301F-11D3-BF4B-00C04F79EFBC}") = "shopAPI", "shopAPI\shopAPI.csproj", "{C771BC96-58F6-4164-B3A3-0233562C8DEB}"
EndProject
Global
	GlobalSection(SolutionConfigurationPlatforms) = preSolution
		Debug|Any CPU = Debug|Any CPU
		Release|Any CPU = Release|Any CPU
	EndGlobalSection
	GlobalSection(ProjectConfigurationPlatforms) = postSolution
		{C771BC96-58F6-4164-B3A3-0233562C8DEB}.Debug|Any CPU.ActiveCfg = Debug|Any CPU
		{C771BC96-58F6-4164-B3A3-0233562C8DEB}.Debug|Any CPU.Build.0 = Debug|Any CPU
		{C771BC96-58F6-4164-B3A3-0233562C8DEB}.Release|Any CPU.ActiveCfg = Release|Any CPU
		{C771BC96-58F6-4164-B3A3-0233562C8DEB}.Release|Any CPU.Build.0 = Release|Any CPU
	EndGlobalSection
	GlobalSection(SolutionProperties) = preSolution
		HideSolutionNode = FALSE
	EndGlobalSection
	GlobalSection(ExtensibilityGlobals) = postSolution
		SolutionGuid = {B20C409E-1EBB-4A3B-B8A7-AF16E84E9BBE}
	EndGlobalSection
EndGlobal
